### YamlMime:ManagedReference
items:
- uid: Microsoft.JScript.Block
  id: Block
  children: []
  langs:
  - csharp
  name: Block
  nameWithType: Block
  fullName: Microsoft.JScript.Block
  type: Class
  summary: "表示 JScript 中的块。 此类主要由<xref href=&quot;Microsoft.JScript.JSParser&quot;></xref>创建块对象时它所分析的代码。 此类所属的抽象语法树类别。"
  syntax:
    content: 'public sealed class Block : Microsoft.JScript.AST'
  inheritance:
  - System.Object
  - Microsoft.JScript.AST
  implements: []
  inheritedMembers: []
  platform:
  - net462
references:
- uid: Microsoft.JScript.AST
  isExternal: false
  name: Microsoft.JScript.AST
